
Microsoft Visual Studio Solution File, Format Version 12.00
Project("{FAE04EC0-301F-11D3-BF4B-00C04F79EFBC}") = "Wolverine", "Wolverine\Wolverine.csproj", "{D125882A-55E1-4CA3-ADA4-CB2E2F640963}"
EndProject
Project("{FAE04EC0-301F-11D3-BF4B-00C04F79EFBC}") = "Spiderman.Tests", "Spiderman.Tests\Spiderman.Tests.csproj", "{34F1940E-BE57-4A79-BC1B-3B2A8AFB2376}"
EndProject
Global
	GlobalSection(SolutionConfigurationPlatforms) = preSolution
		Debug|Any CPU = Debug|Any CPU
		Debug|x64 = Debug|x64
		Debug|x86 = Debug|x86
		Release|Any CPU = Release|Any CPU
		Release|x64 = Release|x64
		Release|x86 = Release|x86
	EndGlobalSection
	GlobalSection(ProjectConfigurationPlatforms) = postSolution
		{D125882A-55E1-4CA3-ADA4-CB2E2F640963}.Debug|Any CPU.ActiveCfg = Debug|Any CPU
		{D125882A-55E1-4CA3-ADA4-CB2E2F640963}.Debug|Any CPU.Build.0 = Debug|Any CPU
		{D125882A-55E1-4CA3-ADA4-CB2E2F640963}.Debug|x64.ActiveCfg = Debug|Any CPU
		{D125882A-55E1-4CA3-ADA4-CB2E2F640963}.Debug|x64.Build.0 = Debug|Any CPU
		{D125882A-55E1-4CA3-ADA4-CB2E2F640963}.Debug|x86.ActiveCfg = Debug|Any CPU
		{D125882A-55E1-4CA3-ADA4-CB2E2F640963}.Debug|x86.Build.0 = Debug|Any CPU
		{D125882A-55E1-4CA3-ADA4-CB2E2F640963}.Release|Any CPU.ActiveCfg = Release|Any CPU
		{D125882A-55E1-4CA3-ADA4-CB2E2F640963}.Release|Any CPU.Build.0 = Release|Any CPU
		{D125882A-55E1-4CA3-ADA4-CB2E2F640963}.Release|x64.ActiveCfg = Release|Any CPU
		{D125882A-55E1-4CA3-ADA4-CB2E2F640963}.Release|x64.Build.0 = Release|Any CPU
		{D125882A-55E1-4CA3-ADA4-CB2E2F640963}.Release|x86.ActiveCfg = Release|Any CPU
		{D125882A-55E1-4CA3-ADA4-CB2E2F640963}.Release|x86.Build.0 = Release|Any CPU
		{34F1940E-BE57-4A79-BC1B-3B2A8AFB2376}.Debug|Any CPU.ActiveCfg = Debug|Any CPU
		{34F1940E-BE57-4A79-BC1B-3B2A8AFB2376}.Debug|Any CPU.Build.0 = Debug|Any CPU
		{34F1940E-BE57-4A79-BC1B-3B2A8AFB2376}.Debug|x64.ActiveCfg = Debug|Any CPU
		{34F1940E-BE57-4A79-BC1B-3B2A8AFB2376}.Debug|x64.Build.0 = Debug|Any CPU
		{34F1940E-BE57-4A79-BC1B-3B2A8AFB2376}.Debug|x86.ActiveCfg = Debug|Any CPU
		{34F1940E-BE57-4A79-BC1B-3B2A8AFB2376}.Debug|x86.Build.0 = Debug|Any CPU
		{34F1940E-BE57-4A79-BC1B-3B2A8AFB2376}.Release|Any CPU.ActiveCfg = Release|Any CPU
		{34F1940E-BE57-4A79-BC1B-3B2A8AFB2376}.Release|Any CPU.Build.0 = Release|Any CPU
		{34F1940E-BE57-4A79-BC1B-3B2A8AFB2376}.Release|x64.ActiveCfg = Release|Any CPU
		{34F1940E-BE57-4A79-BC1B-3B2A8AFB2376}.Release|x64.Build.0 = Release|Any CPU
		{34F1940E-BE57-4A79-BC1B-3B2A8AFB2376}.Release|x86.ActiveCfg = Release|Any CPU
		{34F1940E-BE57-4A79-BC1B-3B2A8AFB2376}.Release|x86.Build.0 = Release|Any CPU
	EndGlobalSection
	GlobalSection(SolutionProperties) = preSolution
		HideSolutionNode = FALSE
	EndGlobalSection
EndGlobal
